dependencies:
- name: eck-elasticsearch
  repository: ""
  version: 0.8.0
- name: eck-kibana
  repository: ""
  version: 0.8.0
- name: eck-agent
  repository: ""
  version: 0.8.0
- name: eck-fleet-server
  repository: ""
  version: 0.8.0
- name: eck-beats
  repository: ""
  version: 0.8.0
- name: eck-logstash
  repository: ""
  version: 0.8.0
digest: sha256:f98f2dc73a865eae1569148e880026e33d821eaceaa6bcba3378e9992ca00564
generated: "2023-11-08T11:18:28.473774525Z"
